// !$*UTF8*$!
{
	archiveVersion = 1;
	classes = {
	};
	objectVersion = 46;
	objects = {

/* Begin PBXBuildFile section */
		086647021DC2E873009FA2DA /* MAD_EE_Background.png in Resources */ = {isa = PBXBuildFile; fileRef = 086646FC1DC2E873009FA2DA /* MAD_EE_Background.png */; };
		086647031DC2E873009FA2DA /* MAD_EE_ClearAllButton.png in Resources */ = {isa = PBXBuildFile; fileRef = 086646FD1DC2E873009FA2DA /* MAD_EE_ClearAllButton.png */; };
		086647041DC2E873009FA2DA /* MAD_EE_HelpButton.png in Resources */ = {isa = PBXBuildFile; fileRef = 086646FE1DC2E873009FA2DA /* MAD_EE_HelpButton.png */; };
		086647051DC2E873009FA2DA /* MAD_EE_NewEventButton.png in Resources */ = {isa = PBXBuildFile; fileRef = 086646FF1DC2E873009FA2DA /* MAD_EE_NewEventButton.png */; };
		086647061DC2E873009FA2DA /* MAD_EE_PlayButton.png in Resources */ = {isa = PBXBuildFile; fileRef = 086647001DC2E873009FA2DA /* MAD_EE_PlayButton.png */; };
		086647071DC2E873009FA2DA /* MAD_EE_PlusButton.png in Resources */ = {isa = PBXBuildFile; fileRef = 086647011DC2E873009FA2DA /* MAD_EE_PlusButton.png */; };
		089346CA1DCD6D3A004C5995 /* WeddingViewController.swift in Sources */ = {isa = PBXBuildFile; fileRef = 089346C91DCD6D3A004C5995 /* WeddingViewController.swift */; };
		089346CC1DCD6D7A004C5995 /* BirthdayViewController.swift in Sources */ = {isa = PBXBuildFile; fileRef = 089346CB1DCD6D7A004C5995 /* BirthdayViewController.swift */; };
		089346CE1DCD6D93004C5995 /* BusinessViewController.swift in Sources */ = {isa = PBXBuildFile; fileRef = 089346CD1DCD6D93004C5995 /* BusinessViewController.swift */; };
		089346D51DCD6E9B004C5995 /* BirthdayPresent_Color.png in Resources */ = {isa = PBXBuildFile; fileRef = 089346CF1DCD6E9B004C5995 /* BirthdayPresent_Color.png */; };
		089346D61DCD6E9B004C5995 /* BirthdayPresent_Gray.png in Resources */ = {isa = PBXBuildFile; fileRef = 089346D01DCD6E9B004C5995 /* BirthdayPresent_Gray.png */; };
		089346D71DCD6E9B004C5995 /* Briefcase_Color.png in Resources */ = {isa = PBXBuildFile; fileRef = 089346D11DCD6E9B004C5995 /* Briefcase_Color.png */; };
		089346D81DCD6E9B004C5995 /* Briefcase_Gray.png in Resources */ = {isa = PBXBuildFile; fileRef = 089346D21DCD6E9B004C5995 /* Briefcase_Gray.png */; };
		089346D91DCD6E9B004C5995 /* WeddingCake_Color.png in Resources */ = {isa = PBXBuildFile; fileRef = 089346D31DCD6E9B004C5995 /* WeddingCake_Color.png */; };
		089346DA1DCD6E9B004C5995 /* WeddingCake_Gray.png in Resources */ = {isa = PBXBuildFile; fileRef = 089346D41DCD6E9B004C5995 /* WeddingCake_Gray.png */; };
		22CCFD7E1DCDA83800457569 /* GeneralCalendarColor.png in Resources */ = {isa = PBXBuildFile; fileRef = 22CCFD7D1DCDA83800457569 /* GeneralCalendarColor.png */; };
		22CCFD801DCDA84800457569 /* GeneralCalendarGray.png in Resources */ = {isa = PBXBuildFile; fileRef = 22CCFD7F1DCDA84800457569 /* GeneralCalendarGray.png */; };
		22CCFD821DCDA85200457569 /* BabyShowerGray.png in Resources */ = {isa = PBXBuildFile; fileRef = 22CCFD811DCDA85200457569 /* BabyShowerGray.png */; };
		22CCFD841DCDA85E00457569 /* BabyShowerColor.png in Resources */ = {isa = PBXBuildFile; fileRef = 22CCFD831DCDA85E00457569 /* BabyShowerColor.png */; };
		813DF6B81DBECA9C00D2E0D9 /* AppDelegate.swift in Sources */ = {isa = PBXBuildFile; fileRef = 813DF6B71DBECA9C00D2E0D9 /* AppDelegate.swift */; };
		813DF6BD1DBECA9C00D2E0D9 /* Main.storyboard in Resources */ = {isa = PBXBuildFile; fileRef = 813DF6BB1DBECA9C00D2E0D9 /* Main.storyboard */; };
		813DF6C01DBECA9C00D2E0D9 /* EasyEvents.xcdatamodeld in Sources */ = {isa = PBXBuildFile; fileRef = 813DF6BE1DBECA9C00D2E0D9 /* EasyEvents.xcdatamodeld */; };
		813DF6C21DBECA9C00D2E0D9 /* Assets.xcassets in Resources */ = {isa = PBXBuildFile; fileRef = 813DF6C11DBECA9C00D2E0D9 /* Assets.xcassets */; };
		813DF6C51DBECA9C00D2E0D9 /* LaunchScreen.storyboard in Resources */ = {isa = PBXBuildFile; fileRef = 813DF6C31DBECA9C00D2E0D9 /* LaunchScreen.storyboard */; };
		813DF6D01DBECA9C00D2E0D9 /* EasyEventsTests.swift in Sources */ = {isa = PBXBuildFile; fileRef = 813DF6CF1DBECA9C00D2E0D9 /* EasyEventsTests.swift */; };
		813DF6DB1DBECA9C00D2E0D9 /* EasyEventsUITests.swift in Sources */ = {isa = PBXBuildFile; fileRef = 813DF6DA1DBECA9C00D2E0D9 /* EasyEventsUITests.swift */; };
		81EA2DA71DC03B4B00C0FA1B /* HomeScreenViewController.swift in Sources */ = {isa = PBXBuildFile; fileRef = 81EA2DA61DC03B4B00C0FA1B /* HomeScreenViewController.swift */; };
		81EA2DA91DC045C400C0FA1B /* SplashScreenViewController.swift in Sources */ = {isa = PBXBuildFile; fileRef = 81EA2DA81DC045C400C0FA1B /* SplashScreenViewController.swift */; };
		B5391FE01DC56C6600E58D15 /* checkmark.png in Resources */ = {isa = PBXBuildFile; fileRef = B5391FDF1DC56C6600E58D15 /* checkmark.png */; };
		B5391FE21DC56D4200E58D15 /* red_x.png in Resources */ = {isa = PBXBuildFile; fileRef = B5391FE11DC56D4200E58D15 /* red_x.png */; };
		B56ED6C51DC8E02300ECA471 /* Guest.swift in Sources */ = {isa = PBXBuildFile; fileRef = B56ED6C41DC8E02300ECA471 /* Guest.swift */; };
		B58EA7BA1DC25E6F00F4F7E0 /* date.png in Resources */ = {isa = PBXBuildFile; fileRef = B58EA7B91DC25E6F00F4F7E0 /* date.png */; };
		B58EA7BC1DC2644600F4F7E0 /* music.png in Resources */ = {isa = PBXBuildFile; fileRef = B58EA7BB1DC2644600F4F7E0 /* music.png */; };
		B58EA7CD1DC264C500F4F7E0 /* budget.png in Resources */ = {isa = PBXBuildFile; fileRef = B58EA7BD1DC264C500F4F7E0 /* budget.png */; };
		B58EA7CE1DC264C500F4F7E0 /* catering.png in Resources */ = {isa = PBXBuildFile; fileRef = B58EA7BE1DC264C500F4F7E0 /* catering.png */; };
		B58EA7CF1DC264C500F4F7E0 /* details.png in Resources */ = {isa = PBXBuildFile; fileRef = B58EA7BF1DC264C500F4F7E0 /* details.png */; };
		B58EA7D01DC264C500F4F7E0 /* favors.png in Resources */ = {isa = PBXBuildFile; fileRef = B58EA7C01DC264C500F4F7E0 /* favors.png */; };
		B58EA7D11DC264C500F4F7E0 /* flowers.png in Resources */ = {isa = PBXBuildFile; fileRef = B58EA7C11DC264C500F4F7E0 /* flowers.png */; };
		B58EA7D21DC264C500F4F7E0 /* guests.png in Resources */ = {isa = PBXBuildFile; fileRef = B58EA7C21DC264C500F4F7E0 /* guests.png */; };
		B58EA7D31DC264C500F4F7E0 /* invite.png in Resources */ = {isa = PBXBuildFile; fileRef = B58EA7C31DC264C500F4F7E0 /* invite.png */; };
		B58EA7D41DC264C500F4F7E0 /* license.png in Resources */ = {isa = PBXBuildFile; fileRef = B58EA7C41DC264C500F4F7E0 /* license.png */; };
		B58EA7D51DC264C500F4F7E0 /* party.png in Resources */ = {isa = PBXBuildFile; fileRef = B58EA7C51DC264C500F4F7E0 /* party.png */; };
		B58EA7D61DC264C500F4F7E0 /* photographer.png in Resources */ = {isa = PBXBuildFile; fileRef = B58EA7C61DC264C500F4F7E0 /* photographer.png */; };
		B58EA7D71DC264C500F4F7E0 /* registration.png in Resources */ = {isa = PBXBuildFile; fileRef = B58EA7C71DC264C500F4F7E0 /* registration.png */; };
		B58EA7D81DC264C500F4F7E0 /* resources.txt in Resources */ = {isa = PBXBuildFile; fileRef = B58EA7C81DC264C500F4F7E0 /* resources.txt */; };
		B58EA7D91DC264C500F4F7E0 /* theme.png in Resources */ = {isa = PBXBuildFile; fileRef = B58EA7C91DC264C500F4F7E0 /* theme.png */; };
		B58EA7DA1DC264C500F4F7E0 /* ty_cards.png in Resources */ = {isa = PBXBuildFile; fileRef = B58EA7CA1DC264C500F4F7E0 /* ty_cards.png */; };
		B58EA7DB1DC264C500F4F7E0 /* venue.png in Resources */ = {isa = PBXBuildFile; fileRef = B58EA7CB1DC264C500F4F7E0 /* venue.png */; };
		B58EA7DC1DC264C500F4F7E0 /* wardrobe.png in Resources */ = {isa = PBXBuildFile; fileRef = B58EA7CC1DC264C500F4F7E0 /* wardrobe.png */; };
		B5C042D51DBECEAA00DEB06B /* EventChecklistViewController.swift in Sources */ = {isa = PBXBuildFile; fileRef = B5C042D41DBECEAA00DEB06B /* EventChecklistViewController.swift */; };
		B5C677C01DC8E8BE0003EB7D /* Event.swift in Sources */ = {isa = PBXBuildFile; fileRef = B5C677BF1DC8E8BE0003EB7D /* Event.swift */; };
/* End PBXBuildFile section */

/* Begin PBXContainerItemProxy section */
		813DF6CC1DBECA9C00D2E0D9 /* PBXContainerItemProxy */ = {
			isa = PBXContainerItemProxy;
			containerPortal = 813DF6AC1DBECA9C00D2E0D9 /* Project object */;
			proxyType = 1;
			remoteGlobalIDString = 813DF6B31DBECA9C00D2E0D9;
			remoteInfo = EasyEvents;
		};
		813DF6D71DBECA9C00D2E0D9 /* PBXContainerItemProxy */ = {
			isa = PBXContainerItemProxy;
			containerPortal = 813DF6AC1DBECA9C00D2E0D9 /* Project object */;
			proxyType = 1;
			remoteGlobalIDString = 813DF6B31DBECA9C00D2E0D9;
			remoteInfo = EasyEvents;
		};
/* End PBXContainerItemProxy section */

/* Begin PBXFileReference section */
		086646FC1DC2E873009FA2DA /* MAD_EE_Background.png */ = {isa = PBXFileReference; lastKnownFileType = image.png; path = MAD_EE_Background.png; sourceTree = "<group>"; };
		086646FD1DC2E873009FA2DA /* MAD_EE_ClearAllButton.png */ = {isa = PBXFileReference; lastKnownFileType = image.png; path = MAD_EE_ClearAllButton.png; sourceTree = "<group>"; };
		086646FE1DC2E873009FA2DA /* MAD_EE_HelpButton.png */ = {isa = PBXFileReference; lastKnownFileType = image.png; path = MAD_EE_HelpButton.png; sourceTree = "<group>"; };
		086646FF1DC2E873009FA2DA /* MAD_EE_NewEventButton.png */ = {isa = PBXFileReference; lastKnownFileType = image.png; path = MAD_EE_NewEventButton.png; sourceTree = "<group>"; };
		086647001DC2E873009FA2DA /* MAD_EE_PlayButton.png */ = {isa = PBXFileReference; lastKnownFileType = image.png; path = MAD_EE_PlayButton.png; sourceTree = "<group>"; };
		086647011DC2E873009FA2DA /* MAD_EE_PlusButton.png */ = {isa = PBXFileReference; lastKnownFileType = image.png; path = MAD_EE_PlusButton.png; sourceTree = "<group>"; };
		089346C91DCD6D3A004C5995 /* WeddingViewController.swift */ = {isa = PBXFileReference; fileEncoding = 4; lastKnownFileType = sourcecode.swift; path = WeddingViewController.swift; sourceTree = "<group>"; };
		089346CB1DCD6D7A004C5995 /* BirthdayViewController.swift */ = {isa = PBXFileReference; fileEncoding = 4; lastKnownFileType = sourcecode.swift; path = BirthdayViewController.swift; sourceTree = "<group>"; };
		089346CD1DCD6D93004C5995 /* BusinessViewController.swift */ = {isa = PBXFileReference; fileEncoding = 4; lastKnownFileType = sourcecode.swift; path = BusinessViewController.swift; sourceTree = "<group>"; };
		089346CF1DCD6E9B004C5995 /* BirthdayPresent_Color.png */ = {isa = PBXFileReference; lastKnownFileType = image.png; path = BirthdayPresent_Color.png; sourceTree = "<group>"; };
		089346D01DCD6E9B004C5995 /* BirthdayPresent_Gray.png */ = {isa = PBXFileReference; lastKnownFileType = image.png; path = BirthdayPresent_Gray.png; sourceTree = "<group>"; };
		089346D11DCD6E9B004C5995 /* Briefcase_Color.png */ = {isa = PBXFileReference; lastKnownFileType = image.png; path = Briefcase_Color.png; sourceTree = "<group>"; };
		089346D21DCD6E9B004C5995 /* Briefcase_Gray.png */ = {isa = PBXFileReference; lastKnownFileType = image.png; path = Briefcase_Gray.png; sourceTree = "<group>"; };
		089346D31DCD6E9B004C5995 /* WeddingCake_Color.png */ = {isa = PBXFileReference; lastKnownFileType = image.png; path = WeddingCake_Color.png; sourceTree = "<group>"; };
		089346D41DCD6E9B004C5995 /* WeddingCake_Gray.png */ = {isa = PBXFileReference; lastKnownFileType = image.png; path = WeddingCake_Gray.png; sourceTree = "<group>"; };
		22CCFD7D1DCDA83800457569 /* GeneralCalendarColor.png */ = {isa = PBXFileReference; lastKnownFileType = image.png; path = GeneralCalendarColor.png; sourceTree = "<group>"; };
		22CCFD7F1DCDA84800457569 /* GeneralCalendarGray.png */ = {isa = PBXFileReference; lastKnownFileType = image.png; path = GeneralCalendarGray.png; sourceTree = "<group>"; };
		22CCFD811DCDA85200457569 /* BabyShowerGray.png */ = {isa = PBXFileReference; lastKnownFileType = image.png; path = BabyShowerGray.png; sourceTree = "<group>"; };
		22CCFD831DCDA85E00457569 /* BabyShowerColor.png */ = {isa = PBXFileReference; lastKnownFileType = image.png; path = BabyShowerColor.png; sourceTree = "<group>"; };
		813DF6B41DBECA9C00D2E0D9 /* EasyEvents.app */ = {isa = PBXFileReference; explicitFileType = wrapper.application; includeInIndex = 0; path = EasyEvents.app; sourceTree = BUILT_PRODUCTS_DIR; };
		813DF6B71DBECA9C00D2E0D9 /* AppDelegate.swift */ = {isa = PBXFileReference; lastKnownFileType = sourcecode.swift; path = AppDelegate.swift; sourceTree = "<group>"; };
		813DF6BC1DBECA9C00D2E0D9 /* Base */ = {isa = PBXFileReference; lastKnownFileType = file.storyboard; name = Base; path = Base.lproj/Main.storyboard; sourceTree = "<group>"; };
		813DF6BF1DBECA9C00D2E0D9 /* EasyEvents.xcdatamodel */ = {isa = PBXFileReference; lastKnownFileType = wrapper.xcdatamodel; path = EasyEvents.xcdatamodel; sourceTree = "<group>"; };
		813DF6C11DBECA9C00D2E0D9 /* Assets.xcassets */ = {isa = PBXFileReference; lastKnownFileType = folder.assetcatalog; path = Assets.xcassets; sourceTree = "<group>"; };
		813DF6C41DBECA9C00D2E0D9 /* Base */ = {isa = PBXFileReference; lastKnownFileType = file.storyboard; name = Base; path = Base.lproj/LaunchScreen.storyboard; sourceTree = "<group>"; };
		813DF6C61DBECA9C00D2E0D9 /* Info.plist */ = {isa = PBXFileReference; lastKnownFileType = text.plist.xml; path = Info.plist; sourceTree = "<group>"; };
		813DF6CB1DBECA9C00D2E0D9 /* EasyEventsTests.xctest */ = {isa = PBXFileReference; explicitFileType = wrapper.cfbundle; includeInIndex = 0; path = EasyEventsTests.xctest; sourceTree = BUILT_PRODUCTS_DIR; };
		813DF6CF1DBECA9C00D2E0D9 /* EasyEventsTests.swift */ = {isa = PBXFileReference; lastKnownFileType = sourcecode.swift; path = EasyEventsTests.swift; sourceTree = "<group>"; };
		813DF6D11DBECA9C00D2E0D9 /* Info.plist */ = {isa = PBXFileReference; lastKnownFileType = text.plist.xml; path = Info.plist; sourceTree = "<group>"; };
		813DF6D61DBECA9C00D2E0D9 /* EasyEventsUITests.xctest */ = {isa = PBXFileReference; explicitFileType = wrapper.cfbundle; includeInIndex = 0; path = EasyEventsUITests.xctest; sourceTree = BUILT_PRODUCTS_DIR; };
		813DF6DA1DBECA9C00D2E0D9 /* EasyEventsUITests.swift */ = {isa = PBXFileReference; lastKnownFileType = sourcecode.swift; path = EasyEventsUITests.swift; sourceTree = "<group>"; };
		813DF6DC1DBECA9C00D2E0D9 /* Info.plist */ = {isa = PBXFileReference; lastKnownFileType = text.plist.xml; path = Info.plist; sourceTree = "<group>"; };
		81EA2DA61DC03B4B00C0FA1B /* HomeScreenViewController.swift */ = {isa = PBXFileReference; fileEncoding = 4; lastKnownFileType = sourcecode.swift; path = HomeScreenViewController.swift; sourceTree = "<group>"; };
		81EA2DA81DC045C400C0FA1B /* SplashScreenViewController.swift */ = {isa = PBXFileReference; fileEncoding = 4; lastKnownFileType = sourcecode.swift; path = SplashScreenViewController.swift; sourceTree = "<group>"; };
		B5391FDF1DC56C6600E58D15 /* checkmark.png */ = {isa = PBXFileReference; lastKnownFileType = image.png; path = checkmark.png; sourceTree = "<group>"; };
		B5391FE11DC56D4200E58D15 /* red_x.png */ = {isa = PBXFileReference; lastKnownFileType = image.png; path = red_x.png; sourceTree = "<group>"; };
		B56ED6C41DC8E02300ECA471 /* Guest.swift */ = {isa = PBXFileReference; fileEncoding = 4; lastKnownFileType = sourcecode.swift; path = Guest.swift; sourceTree = "<group>"; };
		B58EA7B91DC25E6F00F4F7E0 /* date.png */ = {isa = PBXFileReference; lastKnownFileType = image.png; path = date.png; sourceTree = "<group>"; };
		B58EA7BB1DC2644600F4F7E0 /* music.png */ = {isa = PBXFileReference; lastKnownFileType = image.png; path = music.png; sourceTree = "<group>"; };
		B58EA7BD1DC264C500F4F7E0 /* budget.png */ = {isa = PBXFileReference; lastKnownFileType = image.png; path = budget.png; sourceTree = "<group>"; };
		B58EA7BE1DC264C500F4F7E0 /* catering.png */ = {isa = PBXFileReference; lastKnownFileType = image.png; path = catering.png; sourceTree = "<group>"; };
		B58EA7BF1DC264C500F4F7E0 /* details.png */ = {isa = PBXFileReference; lastKnownFileType = image.png; path = details.png; sourceTree = "<group>"; };
		B58EA7C01DC264C500F4F7E0 /* favors.png */ = {isa = PBXFileReference; lastKnownFileType = image.png; path = favors.png; sourceTree = "<group>"; };
		B58EA7C11DC264C500F4F7E0 /* flowers.png */ = {isa = PBXFileReference; lastKnownFileType = image.png; path = flowers.png; sourceTree = "<group>"; };
		B58EA7C21DC264C500F4F7E0 /* guests.png */ = {isa = PBXFileReference; lastKnownFileType = image.png; path = guests.png; sourceTree = "<group>"; };
		B58EA7C31DC264C500F4F7E0 /* invite.png */ = {isa = PBXFileReference; lastKnownFileType = image.png; path = invite.png; sourceTree = "<group>"; };
		B58EA7C41DC264C500F4F7E0 /* license.png */ = {isa = PBXFileReference; lastKnownFileType = image.png; path = license.png; sourceTree = "<group>"; };
		B58EA7C51DC264C500F4F7E0 /* party.png */ = {isa = PBXFileReference; lastKnownFileType = image.png; path = party.png; sourceTree = "<group>"; };
		B58EA7C61DC264C500F4F7E0 /* photographer.png */ = {isa = PBXFileReference; lastKnownFileType = image.png; path = photographer.png; sourceTree = "<group>"; };
		B58EA7C71DC264C500F4F7E0 /* registration.png */ = {isa = PBXFileReference; lastKnownFileType = image.png; path = registration.png; sourceTree = "<group>"; };
		B58EA7C81DC264C500F4F7E0 /* resources.txt */ = {isa = PBXFileReference; fileEncoding = 4; lastKnownFileType = text; path = resources.txt; sourceTree = "<group>"; };
		B58EA7C91DC264C500F4F7E0 /* theme.png */ = {isa = PBXFileReference; lastKnownFileType = image.png; path = theme.png; sourceTree = "<group>"; };
		B58EA7CA1DC264C500F4F7E0 /* ty_cards.png */ = {isa = PBXFileReference; lastKnownFileType = image.png; path = ty_cards.png; sourceTree = "<group>"; };
		B58EA7CB1DC264C500F4F7E0 /* venue.png */ = {isa = PBXFileReference; lastKnownFileType = image.png; path = venue.png; sourceTree = "<group>"; };
		B58EA7CC1DC264C500F4F7E0 /* wardrobe.png */ = {isa = PBXFileReference; lastKnownFileType = image.png; path = wardrobe.png; sourceTree = "<group>"; };
		B5C042D41DBECEAA00DEB06B /* EventChecklistViewController.swift */ = {isa = PBXFileReference; fileEncoding = 4; lastKnownFileType = sourcecode.swift; path = EventChecklistViewController.swift; sourceTree = "<group>"; };
		B5C677BF1DC8E8BE0003EB7D /* Event.swift */ = {isa = PBXFileReference; fileEncoding = 4; lastKnownFileType = sourcecode.swift; path = Event.swift; sourceTree = "<group>"; };
/* End PBXFileReference section */

/* Begin PBXFrameworksBuildPhase section */
		813DF6B11DBECA9C00D2E0D9 /* Frameworks */ = {
			isa = PBXFrameworksBuildPhase;
			buildActionMask = 2147483647;
			files = (
			);
			runOnlyForDeploymentPostprocessing = 0;
		};
		813DF6C81DBECA9C00D2E0D9 /* Frameworks */ = {
			isa = PBXFrameworksBuildPhase;
			buildActionMask = 2147483647;
			files = (
			);
			runOnlyForDeploymentPostprocessing = 0;
		};
		813DF6D31DBECA9C00D2E0D9 /* Frameworks */ = {
			isa = PBXFrameworksBuildPhase;
			buildActionMask = 2147483647;
			files = (
			);
			runOnlyForDeploymentPostprocessing = 0;
		};
/* End PBXFrameworksBuildPhase section */

/* Begin PBXGroup section */
		086646FB1DC2E852009FA2DA /* Images */ = {
			isa = PBXGroup;
			children = (
				22CCFD7F1DCDA84800457569 /* GeneralCalendarGray.png */,
				22CCFD811DCDA85200457569 /* BabyShowerGray.png */,
				22CCFD7D1DCDA83800457569 /* GeneralCalendarColor.png */,
				22CCFD831DCDA85E00457569 /* BabyShowerColor.png */,
				089346CF1DCD6E9B004C5995 /* BirthdayPresent_Color.png */,
				089346D01DCD6E9B004C5995 /* BirthdayPresent_Gray.png */,
				089346D11DCD6E9B004C5995 /* Briefcase_Color.png */,
				089346D21DCD6E9B004C5995 /* Briefcase_Gray.png */,
				089346D31DCD6E9B004C5995 /* WeddingCake_Color.png */,
				089346D41DCD6E9B004C5995 /* WeddingCake_Gray.png */,
				086646FC1DC2E873009FA2DA /* MAD_EE_Background.png */,
				086646FD1DC2E873009FA2DA /* MAD_EE_ClearAllButton.png */,
				086646FE1DC2E873009FA2DA /* MAD_EE_HelpButton.png */,
				086646FF1DC2E873009FA2DA /* MAD_EE_NewEventButton.png */,
				086647001DC2E873009FA2DA /* MAD_EE_PlayButton.png */,
				086647011DC2E873009FA2DA /* MAD_EE_PlusButton.png */,
			);
			name = Images;
			sourceTree = "<group>";
		};
		813DF6AB1DBECA9C00D2E0D9 = {
			isa = PBXGroup;
			children = (
				813DF6B61DBECA9C00D2E0D9 /* EasyEvents */,
				813DF6CE1DBECA9C00D2E0D9 /* EasyEventsTests */,
				813DF6D91DBECA9C00D2E0D9 /* EasyEventsUITests */,
				813DF6B51DBECA9C00D2E0D9 /* Products */,
			);
			sourceTree = "<group>";
		};
		813DF6B51DBECA9C00D2E0D9 /* Products */ = {
			isa = PBXGroup;
			children = (
				813DF6B41DBECA9C00D2E0D9 /* EasyEvents.app */,
				813DF6CB1DBECA9C00D2E0D9 /* EasyEventsTests.xctest */,
				813DF6D61DBECA9C00D2E0D9 /* EasyEventsUITests.xctest */,
			);
			name = Products;
			sourceTree = "<group>";
		};
		813DF6B61DBECA9C00D2E0D9 /* EasyEvents */ = {
			isa = PBXGroup;
			children = (
				086646FB1DC2E852009FA2DA /* Images */,
				81EA2DA61DC03B4B00C0FA1B /* HomeScreenViewController.swift */,
				813DF6B71DBECA9C00D2E0D9 /* AppDelegate.swift */,
				B5C677BF1DC8E8BE0003EB7D /* Event.swift */,
				B56ED6C41DC8E02300ECA471 /* Guest.swift */,
				813DF6BB1DBECA9C00D2E0D9 /* Main.storyboard */,
				089346CD1DCD6D93004C5995 /* BusinessViewController.swift */,
				089346CB1DCD6D7A004C5995 /* BirthdayViewController.swift */,
				089346C91DCD6D3A004C5995 /* WeddingViewController.swift */,
				81EA2DA81DC045C400C0FA1B /* SplashScreenViewController.swift */,
				B5C042D41DBECEAA00DEB06B /* EventChecklistViewController.swift */,
				B5391FE11DC56D4200E58D15 /* red_x.png */,
				B58EA7BD1DC264C500F4F7E0 /* budget.png */,
				B58EA7BE1DC264C500F4F7E0 /* catering.png */,
				B58EA7BF1DC264C500F4F7E0 /* details.png */,
				B58EA7C01DC264C500F4F7E0 /* favors.png */,
				B58EA7C11DC264C500F4F7E0 /* flowers.png */,
				B58EA7C21DC264C500F4F7E0 /* guests.png */,
				B58EA7C31DC264C500F4F7E0 /* invite.png */,
				B58EA7C41DC264C500F4F7E0 /* license.png */,
				B58EA7C51DC264C500F4F7E0 /* party.png */,
				B58EA7C61DC264C500F4F7E0 /* photographer.png */,
				B5391FDF1DC56C6600E58D15 /* checkmark.png */,
				B58EA7C71DC264C500F4F7E0 /* registration.png */,
				B58EA7C81DC264C500F4F7E0 /* resources.txt */,
				B58EA7C91DC264C500F4F7E0 /* theme.png */,
				B58EA7CA1DC264C500F4F7E0 /* ty_cards.png */,
				B58EA7CB1DC264C500F4F7E0 /* venue.png */,
				B58EA7CC1DC264C500F4F7E0 /* wardrobe.png */,
				B58EA7BB1DC2644600F4F7E0 /* music.png */,
				B58EA7B91DC25E6F00F4F7E0 /* date.png */,
				813DF6C11DBECA9C00D2E0D9 /* Assets.xcassets */,
				813DF6C31DBECA9C00D2E0D9 /* LaunchScreen.storyboard */,
				813DF6C61DBECA9C00D2E0D9 /* Info.plist */,
				813DF6BE1DBECA9C00D2E0D9 /* EasyEvents.xcdatamodeld */,
			);
			path = EasyEvents;
			sourceTree = "<group>";
		};
		813DF6CE1DBECA9C00D2E0D9 /* EasyEventsTests */ = {
			isa = PBXGroup;
			children = (
				813DF6CF1DBECA9C00D2E0D9 /* EasyEventsTests.swift */,
				813DF6D11DBECA9C00D2E0D9 /* Info.plist */,
			);
			path = EasyEventsTests;
			sourceTree = "<group>";
		};
		813DF6D91DBECA9C00D2E0D9 /* EasyEventsUITests */ = {
			isa = PBXGroup;
			children = (
				813DF6DA1DBECA9C00D2E0D9 /* EasyEventsUITests.swift */,
				813DF6DC1DBECA9C00D2E0D9 /* Info.plist */,
			);
			path = EasyEventsUITests;
			sourceTree = "<group>";
		};
/* End PBXGroup section */

/* Begin PBXNativeTarget section */
		813DF6B31DBECA9C00D2E0D9 /* EasyEvents */ = {
			isa = PBXNativeTarget;
			buildConfigurationList = 813DF6DF1DBECA9C00D2E0D9 /* Build configuration list for PBXNativeTarget "EasyEvents" */;
			buildPhases = (
				813DF6B01DBECA9C00D2E0D9 /* Sources */,
				813DF6B11DBECA9C00D2E0D9 /* Frameworks */,
				813DF6B21DBECA9C00D2E0D9 /* Resources */,
			);
			buildRules = (
			);
			dependencies = (
			);
			name = EasyEvents;
			productName = EasyEvents;
			productReference = 813DF6B41DBECA9C00D2E0D9 /* EasyEvents.app */;
			productType = "com.apple.product-type.application";
		};
		813DF6CA1DBECA9C00D2E0D9 /* EasyEventsTests */ = {
			isa = PBXNativeTarget;
			buildConfigurationList = 813DF6E21DBECA9C00D2E0D9 /* Build configuration list for PBXNativeTarget "EasyEventsTests" */;
			buildPhases = (
				813DF6C71DBECA9C00D2E0D9 /* Sources */,
				813DF6C81DBECA9C00D2E0D9 /* Frameworks */,
				813DF6C91DBECA9C00D2E0D9 /* Resources */,
			);
			buildRules = (
			);
			dependencies = (
				813DF6CD1DBECA9C00D2E0D9 /* PBXTargetDependency */,
			);
			name = EasyEventsTests;
			productName = EasyEventsTests;
			productReference = 813DF6CB1DBECA9C00D2E0D9 /* EasyEventsTests.xctest */;
			productType = "com.apple.product-type.bundle.unit-test";
		};
		813DF6D51DBECA9C00D2E0D9 /* EasyEventsUITests */ = {
			isa = PBXNativeTarget;
			buildConfigurationList = 813DF6E51DBECA9C00D2E0D9 /* Build configuration list for PBXNativeTarget "EasyEventsUITests" */;
			buildPhases = (
				813DF6D21DBECA9C00D2E0D9 /* Sources */,
				813DF6D31DBECA9C00D2E0D9 /* Frameworks */,
				813DF6D41DBECA9C00D2E0D9 /* Resources */,
			);
			buildRules = (
			);
			dependencies = (
				813DF6D81DBECA9C00D2E0D9 /* PBXTargetDependency */,
			);
			name = EasyEventsUITests;
			productName = EasyEventsUITests;
			productReference = 813DF6D61DBECA9C00D2E0D9 /* EasyEventsUITests.xctest */;
			productType = "com.apple.product-type.bundle.ui-testing";
		};
/* End PBXNativeTarget section */

/* Begin PBXProject section */
		813DF6AC1DBECA9C00D2E0D9 /* Project object */ = {
			isa = PBXProject;
			attributes = {
				LastSwiftUpdateCheck = 0800;
				LastUpgradeCheck = 0800;
				ORGANIZATIONNAME = "Oklahoma State University";
				TargetAttributes = {
					813DF6B31DBECA9C00D2E0D9 = {
						CreatedOnToolsVersion = 8.0;
						ProvisioningStyle = Automatic;
					};
					813DF6CA1DBECA9C00D2E0D9 = {
						CreatedOnToolsVersion = 8.0;
						ProvisioningStyle = Automatic;
						TestTargetID = 813DF6B31DBECA9C00D2E0D9;
					};
					813DF6D51DBECA9C00D2E0D9 = {
						CreatedOnToolsVersion = 8.0;
						ProvisioningStyle = Automatic;
						TestTargetID = 813DF6B31DBECA9C00D2E0D9;
					};
				};
			};
			buildConfigurationList = 813DF6AF1DBECA9C00D2E0D9 /* Build configuration list for PBXProject "EasyEvents" */;
			compatibilityVersion = "Xcode 3.2";
			developmentRegion = English;
			hasScannedForEncodings = 0;
			knownRegions = (
				en,
				Base,
			);
			mainGroup = 813DF6AB1DBECA9C00D2E0D9;
			productRefGroup = 813DF6B51DBECA9C00D2E0D9 /* Products */;
			projectDirPath = "";
			projectRoot = "";
			targets = (
				813DF6B31DBECA9C00D2E0D9 /* EasyEvents */,
				813DF6CA1DBECA9C00D2E0D9 /* EasyEventsTests */,
				813DF6D51DBECA9C00D2E0D9 /* EasyEventsUITests */,
			);
		};
/* End PBXProject section */

/* Begin PBXResourcesBuildPhase section */
		813DF6B21DBECA9C00D2E0D9 /* Resources */ = {
			isa = PBXResourcesBuildPhase;
			buildActionMask = 2147483647;
			files = (
				086647061DC2E873009FA2DA /* MAD_EE_PlayButton.png in Resources */,
				B58EA7D61DC264C500F4F7E0 /* photographer.png in Resources */,
				22CCFD7E1DCDA83800457569 /* GeneralCalendarColor.png in Resources */,
				089346D51DCD6E9B004C5995 /* BirthdayPresent_Color.png in Resources */,
				B58EA7D31DC264C500F4F7E0 /* invite.png in Resources */,
				089346D61DCD6E9B004C5995 /* BirthdayPresent_Gray.png in Resources */,
				B58EA7D11DC264C500F4F7E0 /* flowers.png in Resources */,
				B58EA7DB1DC264C500F4F7E0 /* venue.png in Resources */,
				B58EA7BC1DC2644600F4F7E0 /* music.png in Resources */,
				089346D71DCD6E9B004C5995 /* Briefcase_Color.png in Resources */,
				B58EA7D81DC264C500F4F7E0 /* resources.txt in Resources */,
				B58EA7CE1DC264C500F4F7E0 /* catering.png in Resources */,
				089346D81DCD6E9B004C5995 /* Briefcase_Gray.png in Resources */,
				086647051DC2E873009FA2DA /* MAD_EE_NewEventButton.png in Resources */,
				086647041DC2E873009FA2DA /* MAD_EE_HelpButton.png in Resources */,
				B5391FE21DC56D4200E58D15 /* red_x.png in Resources */,
				B58EA7D41DC264C500F4F7E0 /* license.png in Resources */,
				22CCFD801DCDA84800457569 /* GeneralCalendarGray.png in Resources */,
				089346D91DCD6E9B004C5995 /* WeddingCake_Color.png in Resources */,
				B58EA7D01DC264C500F4F7E0 /* favors.png in Resources */,
				086647071DC2E873009FA2DA /* MAD_EE_PlusButton.png in Resources */,
				B58EA7D51DC264C500F4F7E0 /* party.png in Resources */,
				B58EA7D21DC264C500F4F7E0 /* guests.png in Resources */,
				813DF6C51DBECA9C00D2E0D9 /* LaunchScreen.storyboard in Resources */,
				086647021DC2E873009FA2DA /* MAD_EE_Background.png in Resources */,
				B58EA7DC1DC264C500F4F7E0 /* wardrobe.png in Resources */,
				22CCFD841DCDA85E00457569 /* BabyShowerColor.png in Resources */,
				B58EA7BA1DC25E6F00F4F7E0 /* date.png in Resources */,
				B58EA7CF1DC264C500F4F7E0 /* details.png in Resources */,
				813DF6C21DBECA9C00D2E0D9 /* Assets.xcassets in Resources */,
				B58EA7DA1DC264C500F4F7E0 /* ty_cards.png in Resources */,
				22CCFD821DCDA85200457569 /* BabyShowerGray.png in Resources */,
				089346DA1DCD6E9B004C5995 /* WeddingCake_Gray.png in Resources */,
				B58EA7CD1DC264C500F4F7E0 /* budget.png in Resources */,
				B58EA7D71DC264C500F4F7E0 /* registration.png in Resources */,
				813DF6BD1DBECA9C00D2E0D9 /* Main.storyboard in Resources */,
				B5391FE01DC56C6600E58D15 /* checkmark.png in Resources */,
				086647031DC2E873009FA2DA /* MAD_EE_ClearAllButton.png in Resources */,
				B58EA7D91DC264C500F4F7E0 /* theme.png in Resources */,
			);
			runOnlyForDeploymentPostprocessing = 0;
		};
		813DF6C91DBECA9C00D2E0D9 /* Resources */ = {
			isa = PBXResourcesBuildPhase;
			buildActionMask = 2147483647;
			files = (
			);
			runOnlyForDeploymentPostprocessing = 0;
		};
		813DF6D41DBECA9C00D2E0D9 /* Resources */ = {
			isa = PBXResourcesBuildPhase;
			buildActionMask = 2147483647;
			files = (
			);
			runOnlyForDeploymentPostprocessing = 0;
		};
/* End PBXResourcesBuildPhase section */

/* Begin PBXSourcesBuildPhase section */
		813DF6B01DBECA9C00D2E0D9 /* Sources */ = {
			isa = PBXSourcesBuildPhase;
			buildActionMask = 2147483647;
			files = (
				B5C042D51DBECEAA00DEB06B /* EventChecklistViewController.swift in Sources */,
				81EA2DA71DC03B4B00C0FA1B /* HomeScreenViewController.swift in Sources */,
				813DF6C01DBECA9C00D2E0D9 /* EasyEvents.xcdatamodeld in Sources */,
				81EA2DA91DC045C400C0FA1B /* SplashScreenViewController.swift in Sources */,
				813DF6B81DBECA9C00D2E0D9 /* AppDelegate.swift in Sources */,
				089346CC1DCD6D7A004C5995 /* BirthdayViewController.swift in Sources */,
				B5C677C01DC8E8BE0003EB7D /* Event.swift in Sources */,
				B56ED6C51DC8E02300ECA471 /* Guest.swift in Sources */,
				089346CE1DCD6D93004C5995 /* BusinessViewController.swift in Sources */,
				089346CA1DCD6D3A004C5995 /* WeddingViewController.swift in Sources */,
			);
			runOnlyForDeploymentPostprocessing = 0;
		};
		813DF6C71DBECA9C00D2E0D9 /* Sources */ = {
			isa = PBXSourcesBuildPhase;
			buildActionMask = 2147483647;
			files = (
				813DF6D01DBECA9C00D2E0D9 /* EasyEventsTests.swift in Sources */,
			);
			runOnlyForDeploymentPostprocessing = 0;
		};
		813DF6D21DBECA9C00D2E0D9 /* Sources */ = {
			isa = PBXSourcesBuildPhase;
			buildActionMask = 2147483647;
			files = (
				813DF6DB1DBECA9C00D2E0D9 /* EasyEventsUITests.swift in Sources */,
			);
			runOnlyForDeploymentPostprocessing = 0;
		};
/* End PBXSourcesBuildPhase section */

/* Begin PBXTargetDependency section */
		813DF6CD1DBECA9C00D2E0D9 /* PBXTargetDependency */ = {
			isa = PBXTargetDependency;
			target = 813DF6B31DBECA9C00D2E0D9 /* EasyEvents */;
			targetProxy = 813DF6CC1DBECA9C00D2E0D9 /* PBXContainerItemProxy */;
		};
		813DF6D81DBECA9C00D2E0D9 /* PBXTargetDependency */ = {
			isa = PBXTargetDependency;
			target = 813DF6B31DBECA9C00D2E0D9 /* EasyEvents */;
			targetProxy = 813DF6D71DBECA9C00D2E0D9 /* PBXContainerItemProxy */;
		};
/* End PBXTargetDependency section */

/* Begin PBXVariantGroup section */
		813DF6BB1DBECA9C00D2E0D9 /* Main.storyboard */ = {
			isa = PBXVariantGroup;
			children = (
				813DF6BC1DBECA9C00D2E0D9 /* Base */,
			);
			name = Main.storyboard;
			sourceTree = "<group>";
		};
		813DF6C31DBECA9C00D2E0D9 /* LaunchScreen.storyboard */ = {
			isa = PBXVariantGroup;
			children = (
				813DF6C41DBECA9C00D2E0D9 /* Base */,
			);
			name = LaunchScreen.storyboard;
			sourceTree = "<group>";
		};
/* End PBXVariantGroup section */

/* Begin XCBuildConfiguration section */
		813DF6DD1DBECA9C00D2E0D9 /* Debug */ = {
			isa = XCBuildConfiguration;
			buildSettings = {
				ALWAYS_SEARCH_USER_PATHS = NO;
				CLANG_ANALYZER_NONNULL = YES;
				CLANG_CXX_LANGUAGE_STANDARD = "gnu++0x";
				CLANG_CXX_LIBRARY = "libc++";
				CLANG_ENABLE_MODULES = YES;
				CLANG_ENABLE_OBJC_ARC = YES;
				CLANG_WARN_BOOL_CONVERSION = YES;
				CLANG_WARN_CONSTANT_CONVERSION = YES;
				CLANG_WARN_DIRECT_OBJC_ISA_USAGE = YES_ERROR;
				CLANG_WARN_DOCUMENTATION_COMMENTS = YES;
				CLANG_WARN_EMPTY_BODY = YES;
				CLANG_WARN_ENUM_CONVERSION = YES;
				CLANG_WARN_INFINITE_RECURSION = YES;
				CLANG_WARN_INT_CONVERSION = YES;
				CLANG_WARN_OBJC_ROOT_CLASS = YES_ERROR;
				CLANG_WARN_SUSPICIOUS_MOVES = YES;
				CLANG_WARN_UNREACHABLE_CODE = YES;
				CLANG_WARN__DUPLICATE_METHOD_MATCH = YES;
				"CODE_SIGN_IDENTITY[sdk=iphoneos*]" = "iPhone Developer";
				COPY_PHASE_STRIP = NO;
				DEBUG_INFORMATION_FORMAT = dwarf;
				ENABLE_STRICT_OBJC_MSGSEND = YES;
				ENABLE_TESTABILITY = YES;
				GCC_C_LANGUAGE_STANDARD = gnu99;
				GCC_DYNAMIC_NO_PIC = NO;
				GCC_NO_COMMON_BLOCKS = YES;
				GCC_OPTIMIZATION_LEVEL = 0;
				GCC_PREPROCESSOR_DEFINITIONS = (
					"DEBUG=1",
					"$(inherited)",
				);
				GCC_WARN_64_TO_32_BIT_CONVERSION = YES;
				GCC_WARN_ABOUT_RETURN_TYPE = YES_ERROR;
				GCC_WARN_UNDECLARED_SELECTOR = YES;
				GCC_WARN_UNINITIALIZED_AUTOS = YES_AGGRESSIVE;
				GCC_WARN_UNUSED_FUNCTION = YES;
				GCC_WARN_UNUSED_VARIABLE = YES;
				IPHONEOS_DEPLOYMENT_TARGET = 10.0;
				MTL_ENABLE_DEBUG_INFO = YES;
				ONLY_ACTIVE_ARCH = YES;
				SDKROOT = iphoneos;
				SWIFT_ACTIVE_COMPILATION_CONDITIONS = DEBUG;
				SWIFT_OPTIMIZATION_LEVEL = "-Onone";
			};
			name = Debug;
		};
		813DF6DE1DBECA9C00D2E0D9 /* Release */ = {
			isa = XCBuildConfiguration;
			buildSettings = {
				ALWAYS_SEARCH_USER_PATHS = NO;
				CLANG_ANALYZER_NONNULL = YES;
				CLANG_CXX_LANGUAGE_STANDARD = "gnu++0x";
				CLANG_CXX_LIBRARY = "libc++";
				CLANG_ENABLE_MODULES = YES;
				CLANG_ENABLE_OBJC_ARC = YES;
				CLANG_WARN_BOOL_CONVERSION = YES;
				CLANG_WARN_CONSTANT_CONVERSION = YES;
				CLANG_WARN_DIRECT_OBJC_ISA_USAGE = YES_ERROR;
				CLANG_WARN_DOCUMENTATION_COMMENTS = YES;
				CLANG_WARN_EMPTY_BODY = YES;
				CLANG_WARN_ENUM_CONVERSION = YES;
				CLANG_WARN_INFINITE_RECURSION = YES;
				CLANG_WARN_INT_CONVERSION = YES;
				CLANG_WARN_OBJC_ROOT_CLASS = YES_ERROR;
				CLANG_WARN_SUSPICIOUS_MOVES = YES;
				CLANG_WARN_UNREACHABLE_CODE = YES;
				CLANG_WARN__DUPLICATE_METHOD_MATCH = YES;
				"CODE_SIGN_IDENTITY[sdk=iphoneos*]" = "iPhone Developer";
				COPY_PHASE_STRIP = NO;
				DEBUG_INFORMATION_FORMAT = "dwarf-with-dsym";
				ENABLE_NS_ASSERTIONS = NO;
				ENABLE_STRICT_OBJC_MSGSEND = YES;
				GCC_C_LANGUAGE_STANDARD = gnu99;
				GCC_NO_COMMON_BLOCKS = YES;
				GCC_WARN_64_TO_32_BIT_CONVERSION = YES;
				GCC_WARN_ABOUT_RETURN_TYPE = YES_ERROR;
				GCC_WARN_UNDECLARED_SELECTOR = YES;
				GCC_WARN_UNINITIALIZED_AUTOS = YES_AGGRESSIVE;
				GCC_WARN_UNUSED_FUNCTION = YES;
				GCC_WARN_UNUSED_VARIABLE = YES;
				IPHONEOS_DEPLOYMENT_TARGET = 10.0;
				MTL_ENABLE_DEBUG_INFO = NO;
				SDKROOT = iphoneos;
				SWIFT_OPTIMIZATION_LEVEL = "-Owholemodule";
				VALIDATE_PRODUCT = YES;
			};
			name = Release;
		};
		813DF6E01DBECA9C00D2E0D9 /* Debug */ = {
			isa = XCBuildConfiguration;
			buildSettings = {
				ASSETCATALOG_COMPILER_APPICON_NAME = AppIcon;
				INFOPLIST_FILE = EasyEvents/Info.plist;
				LD_RUNPATH_SEARCH_PATHS = "$(inherited) @executable_path/Frameworks";
				PRODUCT_BUNDLE_IDENTIFIER = edu.okstate.cs.EasyEvents;
				PRODUCT_NAME = "$(TARGET_NAME)";
				SWIFT_VERSION = 3.0;
			};
			name = Debug;
		};
		813DF6E11DBECA9C00D2E0D9 /* Release */ = {
			isa = XCBuildConfiguration;
			buildSettings = {
				ASSETCATALOG_COMPILER_APPICON_NAME = AppIcon;
				INFOPLIST_FILE = EasyEvents/Info.plist;
				LD_RUNPATH_SEARCH_PATHS = "$(inherited) @executable_path/Frameworks";
				PRODUCT_BUNDLE_IDENTIFIER = edu.okstate.cs.EasyEvents;
				PRODUCT_NAME = "$(TARGET_NAME)";
				SWIFT_VERSION = 3.0;
			};
			name = Release;
		};
		813DF6E31DBECA9C00D2E0D9 /* Debug */ = {
			isa = XCBuildConfiguration;
			buildSettings = {
				ALWAYS_EMBED_SWIFT_STANDARD_LIBRARIES = YES;
				BUNDLE_LOADER = "$(TEST_HOST)";
				INFOPLIST_FILE = EasyEventsTests/Info.plist;
				LD_RUNPATH_SEARCH_PATHS = "$(inherited) @executable_path/Frameworks @loader_path/Frameworks";
				PRODUCT_BUNDLE_IDENTIFIER = edu.okstate.cs.EasyEventsTests;
				PRODUCT_NAME = "$(TARGET_NAME)";
				SWIFT_VERSION = 3.0;
				TEST_HOST = "$(BUILT_PRODUCTS_DIR)/EasyEvents.app/EasyEvents";
			};
			name = Debug;
		};
		813DF6E41DBECA9C00D2E0D9 /* Release */ = {
			isa = XCBuildConfiguration;
			buildSettings = {
				ALWAYS_EMBED_SWIFT_STANDARD_LIBRARIES = YES;
				BUNDLE_LOADER = "$(TEST_HOST)";
				INFOPLIST_FILE = EasyEventsTests/Info.plist;
				LD_RUNPATH_SEARCH_PATHS = "$(inherited) @executable_path/Frameworks @loader_path/Frameworks";
				PRODUCT_BUNDLE_IDENTIFIER = edu.okstate.cs.EasyEventsTests;
				PRODUCT_NAME = "$(TARGET_NAME)";
				SWIFT_VERSION = 3.0;
				TEST_HOST = "$(BUILT_PRODUCTS_DIR)/EasyEvents.app/EasyEvents";
			};
			name = Release;
		};
		813DF6E61DBECA9C00D2E0D9 /* Debug */ = {
			isa = XCBuildConfiguration;
			buildSettings = {
				ALWAYS_EMBED_SWIFT_STANDARD_LIBRARIES = YES;
				INFOPLIST_FILE = EasyEventsUITests/Info.plist;
				LD_RUNPATH_SEARCH_PATHS = "$(inherited) @executable_path/Frameworks @loader_path/Frameworks";
				PRODUCT_BUNDLE_IDENTIFIER = edu.okstate.cs.EasyEventsUITests;
				PRODUCT_NAME = "$(TARGET_NAME)";
				SWIFT_VERSION = 3.0;
				TEST_TARGET_NAME = EasyEvents;
			};
			name = Debug;
		};
		813DF6E71DBECA9C00D2E0D9 /* Release */ = {
			isa = XCBuildConfiguration;
			buildSettings = {
				ALWAYS_EMBED_SWIFT_STANDARD_LIBRARIES = YES;
				INFOPLIST_FILE = EasyEventsUITests/Info.plist;
				LD_RUNPATH_SEARCH_PATHS = "$(inherited) @executable_path/Frameworks @loader_path/Frameworks";
				PRODUCT_BUNDLE_IDENTIFIER = edu.okstate.cs.EasyEventsUITests;
				PRODUCT_NAME = "$(TARGET_NAME)";
				SWIFT_VERSION = 3.0;
				TEST_TARGET_NAME = EasyEvents;
			};
			name = Release;
		};
/* End XCBuildConfiguration section */

/* Begin XCConfigurationList section */
		813DF6AF1DBECA9C00D2E0D9 /* Build configuration list for PBXProject "EasyEvents" */ = {
			isa = XCConfigurationList;
			buildConfigurations = (
				813DF6DD1DBECA9C00D2E0D9 /* Debug */,
				813DF6DE1DBECA9C00D2E0D9 /* Release */,
			);
			defaultConfigurationIsVisible = 0;
			defaultConfigurationName = Release;
		};
		813DF6DF1DBECA9C00D2E0D9 /* Build configuration list for PBXNativeTarget "EasyEvents" */ = {
			isa = XCConfigurationList;
			buildConfigurations = (
				813DF6E01DBECA9C00D2E0D9 /* Debug */,
				813DF6E11DBECA9C00D2E0D9 /* Release */,
			);
			defaultConfigurationIsVisible = 0;
			defaultConfigurationName = Release;
		};
		813DF6E21DBECA9C00D2E0D9 /* Build configuration list for PBXNativeTarget "EasyEventsTests" */ = {
			isa = XCConfigurationList;
			buildConfigurations = (
				813DF6E31DBECA9C00D2E0D9 /* Debug */,
				813DF6E41DBECA9C00D2E0D9 /* Release */,
			);
			defaultConfigurationIsVisible = 0;
			defaultConfigurationName = Release;
		};
		813DF6E51DBECA9C00D2E0D9 /* Build configuration list for PBXNativeTarget "EasyEventsUITests" */ = {
			isa = XCConfigurationList;
			buildConfigurations = (
				813DF6E61DBECA9C00D2E0D9 /* Debug */,
				813DF6E71DBECA9C00D2E0D9 /* Release */,
			);
			defaultConfigurationIsVisible = 0;
			defaultConfigurationName = Release;
		};
/* End XCConfigurationList section */

/* Begin XCVersionGroup section */
		813DF6BE1DBECA9C00D2E0D9 /* EasyEvents.xcdatamodeld */ = {
			isa = XCVersionGroup;
			children = (
				813DF6BF1DBECA9C00D2E0D9 /* EasyEvents.xcdatamodel */,
			);
			currentVersion = 813DF6BF1DBECA9C00D2E0D9 /* EasyEvents.xcdatamodel */;
			path = EasyEvents.xcdatamodeld;
			sourceTree = "<group>";
			versionGroupType = wrapper.xcdatamodel;
		};
/* End XCVersionGroup section */
	};
	rootObject = 813DF6AC1DBECA9C00D2E0D9 /* Project object */;
}
